
Microsoft Visual Studio Solution File, Format Version 12.00
# Visual Studio Version 16
VisualStudioVersion = 16.0.31005.135
MinimumVisualStudioVersion = 10.0.40219.1
Project("{9A19103F-16F7-4668-BE54-9A1E7A4F7556}") = "Singleton", "Singleton_Pattern\Singleton.csproj", "{81034703-D63B-470F-A961-FDAC0517DD00}"
EndProject
Project("{9A19103F-16F7-4668-BE54-9A1E7A4F7556}") = "FactoryMethod", "FactoryMethod\FactoryMethod.csproj", "{4F6F4555-5416-4B3A-956D-68851ED93284}"
EndProject
Project("{FAE04EC0-301F-11D3-BF4B-00C04F79EFBC}") = "AbstractFactory", "AbstractFactory\AbstractFactory.csproj", "{03D93269-4E67-4BDE-A138-965A65CA82BC}"
EndProject
Project("{FAE04EC0-301F-11D3-BF4B-00C04F79EFBC}") = "Builder", "Builder\Builder.csproj", "{D59E9D93-C746-438C-B671-9B4D1B5F0E41}"
EndProject
Global
	GlobalSection(SolutionConfigurationPlatforms) = preSolution
		Debug|Any CPU = Debug|Any CPU
		Release|Any CPU = Release|Any CPU
	EndGlobalSection
	GlobalSection(ProjectConfigurationPlatforms) = postSolution
		{81034703-D63B-470F-A961-FDAC0517DD00}.Debug|Any CPU.ActiveCfg = Debug|Any CPU
		{81034703-D63B-470F-A961-FDAC0517DD00}.Debug|Any CPU.Build.0 = Debug|Any CPU
		{81034703-D63B-470F-A961-FDAC0517DD00}.Release|Any CPU.ActiveCfg = Release|Any CPU
		{81034703-D63B-470F-A961-FDAC0517DD00}.Release|Any CPU.Build.0 = Release|Any CPU
		{4F6F4555-5416-4B3A-956D-68851ED93284}.Debug|Any CPU.ActiveCfg = Debug|Any CPU
		{4F6F4555-5416-4B3A-956D-68851ED93284}.Debug|Any CPU.Build.0 = Debug|Any CPU
		{4F6F4555-5416-4B3A-956D-68851ED93284}.Release|Any CPU.ActiveCfg = Release|Any CPU
		{4F6F4555-5416-4B3A-956D-68851ED93284}.Release|Any CPU.Build.0 = Release|Any CPU
		{03D93269-4E67-4BDE-A138-965A65CA82BC}.Debug|Any CPU.ActiveCfg = Debug|Any CPU
		{03D93269-4E67-4BDE-A138-965A65CA82BC}.Debug|Any CPU.Build.0 = Debug|Any CPU
		{03D93269-4E67-4BDE-A138-965A65CA82BC}.Release|Any CPU.ActiveCfg = Release|Any CPU
		{03D93269-4E67-4BDE-A138-965A65CA82BC}.Release|Any CPU.Build.0 = Release|Any CPU
		{D59E9D93-C746-438C-B671-9B4D1B5F0E41}.Debug|Any CPU.ActiveCfg = Debug|Any CPU
		{D59E9D93-C746-438C-B671-9B4D1B5F0E41}.Debug|Any CPU.Build.0 = Debug|Any CPU
		{D59E9D93-C746-438C-B671-9B4D1B5F0E41}.Release|Any CPU.ActiveCfg = Release|Any CPU
		{D59E9D93-C746-438C-B671-9B4D1B5F0E41}.Release|Any CPU.Build.0 = Release|Any CPU
	EndGlobalSection
	GlobalSection(SolutionProperties) = preSolution
		HideSolutionNode = FALSE
	EndGlobalSection
	GlobalSection(ExtensibilityGlobals) = postSolution
		SolutionGuid = {6619746F-DE0B-4698-881F-8B956D938140}
	EndGlobalSection
EndGlobal
